
Microsoft Visual Studio Solution File, Format Version 12.00
# Visual Studio 15
VisualStudioVersion = 15.0.28010.2036
MinimumVisualStudioVersion = 10.0.40219.1
Project("{FAE04EC0-301F-11D3-BF4B-00C04F79EFBC}") = "KNearestPoints", "ConsoleApp1\KNearestPoints.csproj", "{898C757E-97CD-4155-9E65-4F2B80BD88B8}"
EndProject
Global
	GlobalSection(SolutionConfigurationPlatforms) = preSolution
		Debug|Any CPU = Debug|Any CPU
		Release|Any CPU = Release|Any CPU
	EndGlobalSection
	GlobalSection(ProjectConfigurationPlatforms) = postSolution
		{898C757E-97CD-4155-9E65-4F2B80BD88B8}.Debug|Any CPU.ActiveCfg = Debug|Any CPU
		{898C757E-97CD-4155-9E65-4F2B80BD88B8}.Debug|Any CPU.Build.0 = Debug|Any CPU
		{898C757E-97CD-4155-9E65-4F2B80BD88B8}.Release|Any CPU.ActiveCfg = Release|Any CPU
		{898C757E-97CD-4155-9E65-4F2B80BD88B8}.Release|Any CPU.Build.0 = Release|Any CPU
	EndGlobalSection
	GlobalSection(SolutionProperties) = preSolution
		HideSolutionNode = FALSE
	EndGlobalSection
	GlobalSection(ExtensibilityGlobals) = postSolution
		SolutionGuid = {DAEE2A2A-7230-438F-BCC8-DDB4FEBC42BB}
	EndGlobalSection
EndGlobal
